
Microsoft Visual Studio Solution File, Format Version 12.00
Project("{FAE04EC0-301F-11D3-BF4B-00C04F79EFBC}") = "Stringer.Auth", "Stringer.Auth\Stringer.Auth.csproj", "{3477CDF4-1E14-4693-9680-495079A91AE5}"
EndProject
Project("{FAE04EC0-301F-11D3-BF4B-00C04F79EFBC}") = "Stringer.Data", "Stringer.Data\Stringer.Data.csproj", "{8C4E3B96-9B4A-40A0-8BBE-B77E2D73C669}"
EndProject
Project("{2150E333-8FDC-42A3-9474-1A3956D46DE8}") = "Auth", "Auth", "{DF17793B-DA7E-4905-9C16-0685F08BB593}"
EndProject
Project("{2150E333-8FDC-42A3-9474-1A3956D46DE8}") = "Data", "Data", "{C2274644-EAA8-4F17-AA3A-D465CDA62473}"
EndProject
Project("{FAE04EC0-301F-11D3-BF4B-00C04F79EFBC}") = "Stringer.Data.Domain", "Stringer.Data.Domain\Stringer.Data.Domain.csproj", "{BDF28D45-755D-4F95-A516-42F15F0092AB}"
EndProject
Project("{FAE04EC0-301F-11D3-BF4B-00C04F79EFBC}") = "Stringer.Data.Db", "Stringer.Data.Db\Stringer.Data.Db.csproj", "{B5C50C74-4573-44EA-87F8-E92599F81E61}"
EndProject
Project("{FAE04EC0-301F-11D3-BF4B-00C04F79EFBC}") = "Stringer.Auth.Domain", "Stringer.Auth.Domain\Stringer.Auth.Domain.csproj", "{DACB807C-5E86-4123-9847-95B36E7D0684}"
EndProject
Project("{FAE04EC0-301F-11D3-BF4B-00C04F79EFBC}") = "Stringer.Auth.Db", "Stringer.Auth.Db\Stringer.Auth.Db.csproj", "{F3C0F1F8-AC3A-4D69-B652-33F4FF1AA4F7}"
EndProject
Global
	GlobalSection(SolutionConfigurationPlatforms) = preSolution
		Debug|Any CPU = Debug|Any CPU
		Release|Any CPU = Release|Any CPU
	EndGlobalSection
	GlobalSection(ProjectConfigurationPlatforms) = postSolution
		{3477CDF4-1E14-4693-9680-495079A91AE5}.Debug|Any CPU.ActiveCfg = Debug|Any CPU
		{3477CDF4-1E14-4693-9680-495079A91AE5}.Debug|Any CPU.Build.0 = Debug|Any CPU
		{3477CDF4-1E14-4693-9680-495079A91AE5}.Release|Any CPU.ActiveCfg = Release|Any CPU
		{3477CDF4-1E14-4693-9680-495079A91AE5}.Release|Any CPU.Build.0 = Release|Any CPU
		{8C4E3B96-9B4A-40A0-8BBE-B77E2D73C669}.Debug|Any CPU.ActiveCfg = Debug|Any CPU
		{8C4E3B96-9B4A-40A0-8BBE-B77E2D73C669}.Debug|Any CPU.Build.0 = Debug|Any CPU
		{8C4E3B96-9B4A-40A0-8BBE-B77E2D73C669}.Release|Any CPU.ActiveCfg = Release|Any CPU
		{8C4E3B96-9B4A-40A0-8BBE-B77E2D73C669}.Release|Any CPU.Build.0 = Release|Any CPU
		{BDF28D45-755D-4F95-A516-42F15F0092AB}.Debug|Any CPU.ActiveCfg = Debug|Any CPU
		{BDF28D45-755D-4F95-A516-42F15F0092AB}.Debug|Any CPU.Build.0 = Debug|Any CPU
		{BDF28D45-755D-4F95-A516-42F15F0092AB}.Release|Any CPU.ActiveCfg = Release|Any CPU
		{BDF28D45-755D-4F95-A516-42F15F0092AB}.Release|Any CPU.Build.0 = Release|Any CPU
		{B5C50C74-4573-44EA-87F8-E92599F81E61}.Debug|Any CPU.ActiveCfg = Debug|Any CPU
		{B5C50C74-4573-44EA-87F8-E92599F81E61}.Debug|Any CPU.Build.0 = Debug|Any CPU
		{B5C50C74-4573-44EA-87F8-E92599F81E61}.Release|Any CPU.ActiveCfg = Release|Any CPU
		{B5C50C74-4573-44EA-87F8-E92599F81E61}.Release|Any CPU.Build.0 = Release|Any CPU
		{DACB807C-5E86-4123-9847-95B36E7D0684}.Debug|Any CPU.ActiveCfg = Debug|Any CPU
		{DACB807C-5E86-4123-9847-95B36E7D0684}.Debug|Any CPU.Build.0 = Debug|Any CPU
		{DACB807C-5E86-4123-9847-95B36E7D0684}.Release|Any CPU.ActiveCfg = Release|Any CPU
		{DACB807C-5E86-4123-9847-95B36E7D0684}.Release|Any CPU.Build.0 = Release|Any CPU
		{F3C0F1F8-AC3A-4D69-B652-33F4FF1AA4F7}.Debug|Any CPU.ActiveCfg = Debug|Any CPU
		{F3C0F1F8-AC3A-4D69-B652-33F4FF1AA4F7}.Debug|Any CPU.Build.0 = Debug|Any CPU
		{F3C0F1F8-AC3A-4D69-B652-33F4FF1AA4F7}.Release|Any CPU.ActiveCfg = Release|Any CPU
		{F3C0F1F8-AC3A-4D69-B652-33F4FF1AA4F7}.Release|Any CPU.Build.0 = Release|Any CPU
	EndGlobalSection
	GlobalSection(NestedProjects) = preSolution
		{3477CDF4-1E14-4693-9680-495079A91AE5} = {DF17793B-DA7E-4905-9C16-0685F08BB593}
		{8C4E3B96-9B4A-40A0-8BBE-B77E2D73C669} = {C2274644-EAA8-4F17-AA3A-D465CDA62473}
		{BDF28D45-755D-4F95-A516-42F15F0092AB} = {C2274644-EAA8-4F17-AA3A-D465CDA62473}
		{B5C50C74-4573-44EA-87F8-E92599F81E61} = {C2274644-EAA8-4F17-AA3A-D465CDA62473}
		{DACB807C-5E86-4123-9847-95B36E7D0684} = {DF17793B-DA7E-4905-9C16-0685F08BB593}
		{F3C0F1F8-AC3A-4D69-B652-33F4FF1AA4F7} = {DF17793B-DA7E-4905-9C16-0685F08BB593}
	EndGlobalSection
EndGlobal
